
Microsoft Visual Studio Solution File, Format Version 12.00
# Visual Studio Version 17
VisualStudioVersion = 17.8.34309.116
MinimumVisualStudioVersion = 10.0.40219.1
Project("{FAE04EC0-301F-11D3-BF4B-00C04F79EFBC}") = "Workaround", "Workaround\Workaround.csproj", "{20BE6C36-9DDC-4806-B44F-1FC1B5287EA7}"
EndProject
Project("{FAE04EC0-301F-11D3-BF4B-00C04F79EFBC}") = "Entities", "Entities\Entities.csproj", "{5E14A554-0A92-4BA4-B5F1-CCBE4566475C}"
EndProject
Project("{FAE04EC0-301F-11D3-BF4B-00C04F79EFBC}") = "Business", "Business\Business.csproj", "{0A3BE7A1-D95D-4B79-9B23-56C362D0C397}"
EndProject
Global
	GlobalSection(SolutionConfigurationPlatforms) = preSolution
		Debug|Any CPU = Debug|Any CPU
		Release|Any CPU = Release|Any CPU
	EndGlobalSection
	GlobalSection(ProjectConfigurationPlatforms) = postSolution
		{20BE6C36-9DDC-4806-B44F-1FC1B5287EA7}.Debug|Any CPU.ActiveCfg = Debug|Any CPU
		{20BE6C36-9DDC-4806-B44F-1FC1B5287EA7}.Debug|Any CPU.Build.0 = Debug|Any CPU
		{20BE6C36-9DDC-4806-B44F-1FC1B5287EA7}.Release|Any CPU.ActiveCfg = Release|Any CPU
		{20BE6C36-9DDC-4806-B44F-1FC1B5287EA7}.Release|Any CPU.Build.0 = Release|Any CPU
		{5E14A554-0A92-4BA4-B5F1-CCBE4566475C}.Debug|Any CPU.ActiveCfg = Debug|Any CPU
		{5E14A554-0A92-4BA4-B5F1-CCBE4566475C}.Debug|Any CPU.Build.0 = Debug|Any CPU
		{5E14A554-0A92-4BA4-B5F1-CCBE4566475C}.Release|Any CPU.ActiveCfg = Release|Any CPU
		{5E14A554-0A92-4BA4-B5F1-CCBE4566475C}.Release|Any CPU.Build.0 = Release|Any CPU
		{0A3BE7A1-D95D-4B79-9B23-56C362D0C397}.Debug|Any CPU.ActiveCfg = Debug|Any CPU
		{0A3BE7A1-D95D-4B79-9B23-56C362D0C397}.Debug|Any CPU.Build.0 = Debug|Any CPU
		{0A3BE7A1-D95D-4B79-9B23-56C362D0C397}.Release|Any CPU.ActiveCfg = Release|Any CPU
		{0A3BE7A1-D95D-4B79-9B23-56C362D0C397}.Release|Any CPU.Build.0 = Release|Any CPU
	EndGlobalSection
	GlobalSection(SolutionProperties) = preSolution
		HideSolutionNode = FALSE
	EndGlobalSection
	GlobalSection(ExtensibilityGlobals) = postSolution
		SolutionGuid = {D7178349-6B4D-4B11-BB7F-E52A0EA6AF92}
	EndGlobalSection
EndGlobal
